
Microsoft Visual Studio Solution File, Format Version 12.00
# Visual Studio 15
VisualStudioVersion = 15.0.27130.2010
MinimumVisualStudioVersion = 10.0.40219.1
Project("{8BC9CEB8-8B4A-11D0-8D11-00A0C91BC942}") = "LearningDataStructures", "LearningDataStructures\LearningDataStructures.vcxproj", "{D16A7E55-21B1-44BB-9D63-4CD18541403A}"
EndProject
Global
	GlobalSection(SolutionConfigurationPlatforms) = preSolution
		Debug|x64 = Debug|x64
		Debug|x86 = Debug|x86
		Release|x64 = Release|x64
		Release|x86 = Release|x86
	EndGlobalSection
	GlobalSection(ProjectConfigurationPlatforms) = postSolution
		{D16A7E55-21B1-44BB-9D63-4CD18541403A}.Debug|x64.ActiveCfg = Debug|x64
		{D16A7E55-21B1-44BB-9D63-4CD18541403A}.Debug|x64.Build.0 = Debug|x64
		{D16A7E55-21B1-44BB-9D63-4CD18541403A}.Debug|x86.ActiveCfg = Debug|Win32
		{D16A7E55-21B1-44BB-9D63-4CD18541403A}.Debug|x86.Build.0 = Debug|Win32
		{D16A7E55-21B1-44BB-9D63-4CD18541403A}.Release|x64.ActiveCfg = Release|x64
		{D16A7E55-21B1-44BB-9D63-4CD18541403A}.Release|x64.Build.0 = Release|x64
		{D16A7E55-21B1-44BB-9D63-4CD18541403A}.Release|x86.ActiveCfg = Release|Win32
		{D16A7E55-21B1-44BB-9D63-4CD18541403A}.Release|x86.Build.0 = Release|Win32
	EndGlobalSection
	GlobalSection(SolutionProperties) = preSolution
		HideSolutionNode = FALSE
	EndGlobalSection
	GlobalSection(ExtensibilityGlobals) = postSolution
		SolutionGuid = {F386F1BD-C5E9-427F-A44E-E3C646C23251}
	EndGlobalSection
EndGlobal
